
Microsoft Visual Studio Solution File, Format Version 12.00
# Visual Studio Version 17
VisualStudioVersion = 17.9.34622.214
MinimumVisualStudioVersion = 10.0.40219.1
Project("{FAE04EC0-301F-11D3-BF4B-00C04F79EFBC}") = "Winform", "Winform\Winform.csproj", "{1509CE13-E5E3-46AC-9704-5F35E5C77566}"
EndProject
Project("{FAE04EC0-301F-11D3-BF4B-00C04F79EFBC}") = "Shared", "Shared\Shared.csproj", "{B6EE04D9-4EAF-464B-9B93-CF8C68C57F33}"
EndProject
Global
	GlobalSection(SolutionConfigurationPlatforms) = preSolution
		Debug|Any CPU = Debug|Any CPU
		Release|Any CPU = Release|Any CPU
	EndGlobalSection
	GlobalSection(ProjectConfigurationPlatforms) = postSolution
		{1509CE13-E5E3-46AC-9704-5F35E5C77566}.Debug|Any CPU.ActiveCfg = Debug|Any CPU
		{1509CE13-E5E3-46AC-9704-5F35E5C77566}.Debug|Any CPU.Build.0 = Debug|Any CPU
		{1509CE13-E5E3-46AC-9704-5F35E5C77566}.Release|Any CPU.ActiveCfg = Release|Any CPU
		{1509CE13-E5E3-46AC-9704-5F35E5C77566}.Release|Any CPU.Build.0 = Release|Any CPU
		{B6EE04D9-4EAF-464B-9B93-CF8C68C57F33}.Debug|Any CPU.ActiveCfg = Debug|Any CPU
		{B6EE04D9-4EAF-464B-9B93-CF8C68C57F33}.Debug|Any CPU.Build.0 = Debug|Any CPU
		{B6EE04D9-4EAF-464B-9B93-CF8C68C57F33}.Release|Any CPU.ActiveCfg = Release|Any CPU
		{B6EE04D9-4EAF-464B-9B93-CF8C68C57F33}.Release|Any CPU.Build.0 = Release|Any CPU
	EndGlobalSection
	GlobalSection(SolutionProperties) = preSolution
		HideSolutionNode = FALSE
	EndGlobalSection
	GlobalSection(ExtensibilityGlobals) = postSolution
		SolutionGuid = {80159B3C-612C-400F-8701-52467203A320}
	EndGlobalSection
EndGlobal
